
Microsoft Visual Studio Solution File, Format Version 12.00
# Visual Studio 15
VisualStudioVersion = 15.0.28307.438
MinimumVisualStudioVersion = 10.0.40219.1
Project("{FAE04EC0-301F-11D3-BF4B-00C04F79EFBC}") = "Course", "Course\Course.csproj", "{C74EABDF-DD83-4197-A47F-6B7C55118F19}"
EndProject
Global
	GlobalSection(SolutionConfigurationPlatforms) = preSolution
		Debug|Any CPU = Debug|Any CPU
		Release|Any CPU = Release|Any CPU
	EndGlobalSection
	GlobalSection(ProjectConfigurationPlatforms) = postSolution
		{C74EABDF-DD83-4197-A47F-6B7C55118F19}.Debug|Any CPU.ActiveCfg = Debug|Any CPU
		{C74EABDF-DD83-4197-A47F-6B7C55118F19}.Debug|Any CPU.Build.0 = Debug|Any CPU
		{C74EABDF-DD83-4197-A47F-6B7C55118F19}.Release|Any CPU.ActiveCfg = Release|Any CPU
		{C74EABDF-DD83-4197-A47F-6B7C55118F19}.Release|Any CPU.Build.0 = Release|Any CPU
	EndGlobalSection
	GlobalSection(SolutionProperties) = preSolution
		HideSolutionNode = FALSE
	EndGlobalSection
	GlobalSection(ExtensibilityGlobals) = postSolution
		SolutionGuid = {82F42150-1B5E-458F-B209-D4BBDBDD9F32}
	EndGlobalSection
EndGlobal
